// !$*UTF8*$!
{
	archiveVersion = 1;
	classes = {
	};
	objectVersion = 50;
	objects = {

/* Begin PBXBuildFile section */
		02FB303922335E7F00D6B882 /* AppDelegate.swift in Sources */ = {isa = PBXBuildFile; fileRef = 02FB303822335E7F00D6B882 /* AppDelegate.swift */; };
		02FB303B22335E7F00D6B882 /* ViewController.swift in Sources */ = {isa = PBXBuildFile; fileRef = 02FB303A22335E7F00D6B882 /* ViewController.swift */; };
		02FB303E22335E7F00D6B882 /* Main.storyboard in Resources */ = {isa = PBXBuildFile; fileRef = 02FB303C22335E7F00D6B882 /* Main.storyboard */; };
		02FB304122335E7F00D6B882 /* IfeGoogleBookSample.xcdatamodeld in Sources */ = {isa = PBXBuildFile; fileRef = 02FB303F22335E7F00D6B882 /* IfeGoogleBookSample.xcdatamodeld */; };
		02FB304322335E8C00D6B882 /* Assets.xcassets in Resources */ = {isa = PBXBuildFile; fileRef = 02FB304222335E8C00D6B882 /* Assets.xcassets */; };
		02FB304622335E8C00D6B882 /* LaunchScreen.storyboard in Resources */ = {isa = PBXBuildFile; fileRef = 02FB304422335E8C00D6B882 /* LaunchScreen.storyboard */; };
/* End PBXBuildFile section */

/* Begin PBXFileReference section */
		02FB303522335E7F00D6B882 /* IfeGoogleBookSample.app */ = {isa = PBXFileReference; explicitFileType = wrapper.application; includeInIndex = 0; path = IfeGoogleBookSample.app; sourceTree = BUILT_PRODUCTS_DIR; };
		02FB303822335E7F00D6B882 /* AppDelegate.swift */ = {isa = PBXFileReference; lastKnownFileType = sourcecode.swift; path = AppDelegate.swift; sourceTree = "<group>"; };
		02FB303A22335E7F00D6B882 /* ViewController.swift */ = {isa = PBXFileReference; lastKnownFileType = sourcecode.swift; path = ViewController.swift; sourceTree = "<group>"; };
		02FB303D22335E7F00D6B882 /* Base */ = {isa = PBXFileReference; lastKnownFileType = file.storyboard; name = Base; path = Base.lproj/Main.storyboard; sourceTree = "<group>"; };
		02FB304022335E7F00D6B882 /* IfeGoogleBookSample.xcdatamodel */ = {isa = PBXFileReference; lastKnownFileType = wrapper.xcdatamodel; path = IfeGoogleBookSample.xcdatamodel; sourceTree = "<group>"; };
		02FB304222335E8C00D6B882 /* Assets.xcassets */ = {isa = PBXFileReference; lastKnownFileType = folder.assetcatalog; path = Assets.xcassets; sourceTree = "<group>"; };
		02FB304522335E8C00D6B882 /* Base */ = {isa = PBXFileReference; lastKnownFileType = file.storyboard; name = Base; path = Base.lproj/LaunchScreen.storyboard; sourceTree = "<group>"; };
		02FB304722335E8C00D6B882 /* Info.plist */ = {isa = PBXFileReference; lastKnownFileType = text.plist.xml; path = Info.plist; sourceTree = "<group>"; };
/* End PBXFileReference section */

/* Begin PBXFrameworksBuildPhase section */
		02FB303222335E7F00D6B882 /* Frameworks */ = {
			isa = PBXFrameworksBuildPhase;
			buildActionMask = 2147483647;
			files = (
			);
			runOnlyForDeploymentPostprocessing = 0;
		};
/* End PBXFrameworksBuildPhase section */

/* Begin PBXGroup section */
		02FB302C22335E7E00D6B882 = {
			isa = PBXGroup;
			children = (
				02FB303722335E7F00D6B882 /* IfeGoogleBookSample */,
				02FB303622335E7F00D6B882 /* Products */,
			);
			sourceTree = "<group>";
		};
		02FB303622335E7F00D6B882 /* Products */ = {
			isa = PBXGroup;
			children = (
				02FB303522335E7F00D6B882 /* IfeGoogleBookSample.app */,
			);
			name = Products;
			sourceTree = "<group>";
		};
		02FB303722335E7F00D6B882 /* IfeGoogleBookSample */ = {
			isa = PBXGroup;
			children = (
				02FB303822335E7F00D6B882 /* AppDelegate.swift */,
				02FB303A22335E7F00D6B882 /* ViewController.swift */,
				02FB303C22335E7F00D6B882 /* Main.storyboard */,
				02FB304222335E8C00D6B882 /* Assets.xcassets */,
				02FB304422335E8C00D6B882 /* LaunchScreen.storyboard */,
				02FB304722335E8C00D6B882 /* Info.plist */,
				02FB303F22335E7F00D6B882 /* IfeGoogleBookSample.xcdatamodeld */,
			);
			path = IfeGoogleBookSample;
			sourceTree = "<group>";
		};
/* End PBXGroup section */

/* Begin PBXNativeTarget section */
		02FB303422335E7F00D6B882 /* IfeGoogleBookSample */ = {
			isa = PBXNativeTarget;
			buildConfigurationList = 02FB304A22335E8C00D6B882 /* Build configuration list for PBXNativeTarget "IfeGoogleBookSample" */;
			buildPhases = (
				02FB303122335E7F00D6B882 /* Sources */,
				02FB303222335E7F00D6B882 /* Frameworks */,
				02FB303322335E7F00D6B882 /* Resources */,
			);
			buildRules = (
			);
			dependencies = (
			);
			name = IfeGoogleBookSample;
			productName = IfeGoogleBookSample;
			productReference = 02FB303522335E7F00D6B882 /* IfeGoogleBookSample.app */;
			productType = "com.apple.product-type.application";
		};
/* End PBXNativeTarget section */

/* Begin PBXProject section */
		02FB302D22335E7E00D6B882 /* Project object */ = {
			isa = PBXProject;
			attributes = {
				LastSwiftUpdateCheck = 1010;
				LastUpgradeCheck = 1010;
				ORGANIZATIONNAME = "MAC Consultant";
				TargetAttributes = {
					02FB303422335E7F00D6B882 = {
						CreatedOnToolsVersion = 10.1;
					};
				};
			};
			buildConfigurationList = 02FB303022335E7E00D6B882 /* Build configuration list for PBXProject "IfeGoogleBookSample" */;
			compatibilityVersion = "Xcode 9.3";
			developmentRegion = en;
			hasScannedForEncodings = 0;
			knownRegions = (
				en,
				Base,
			);
			mainGroup = 02FB302C22335E7E00D6B882;
			productRefGroup = 02FB303622335E7F00D6B882 /* Products */;
			projectDirPath = "";
			projectRoot = "";
			targets = (
				02FB303422335E7F00D6B882 /* IfeGoogleBookSample */,
			);
		};
/* End PBXProject section */

/* Begin PBXResourcesBuildPhase section */
		02FB303322335E7F00D6B882 /* Resources */ = {
			isa = PBXResourcesBuildPhase;
			buildActionMask = 2147483647;
			files = (
				02FB304622335E8C00D6B882 /* LaunchScreen.storyboard in Resources */,
				02FB304322335E8C00D6B882 /* Assets.xcassets in Resources */,
				02FB303E22335E7F00D6B882 /* Main.storyboard in Resources */,
			);
			runOnlyForDeploymentPostprocessing = 0;
		};
/* End PBXResourcesBuildPhase section */

/* Begin PBXSourcesBuildPhase section */
		02FB303122335E7F00D6B882 /* Sources */ = {
			isa = PBXSourcesBuildPhase;
			buildActionMask = 2147483647;
			files = (
				02FB303B22335E7F00D6B882 /* ViewController.swift in Sources */,
				02FB304122335E7F00D6B882 /* IfeGoogleBookSample.xcdatamodeld in Sources */,
				02FB303922335E7F00D6B882 /* AppDelegate.swift in Sources */,
			);
			runOnlyForDeploymentPostprocessing = 0;
		};
/* End PBXSourcesBuildPhase section */

/* Begin PBXVariantGroup section */
		02FB303C22335E7F00D6B882 /* Main.storyboard */ = {
			isa = PBXVariantGroup;
			children = (
				02FB303D22335E7F00D6B882 /* Base */,
			);
			name = Main.storyboard;
			sourceTree = "<group>";
		};
		02FB304422335E8C00D6B882 /* LaunchScreen.storyboard */ = {
			isa = PBXVariantGroup;
			children = (
				02FB304522335E8C00D6B882 /* Base */,
			);
			name = LaunchScreen.storyboard;
			sourceTree = "<group>";
		};
/* End PBXVariantGroup section */

/* Begin XCBuildConfiguration section */
		02FB304822335E8C00D6B882 /* Debug */ = {
			isa = XCBuildConfiguration;
			buildSettings = {
				ALWAYS_SEARCH_USER_PATHS = NO;
				CLANG_ANALYZER_NONNULL = YES;
				CLANG_ANALYZER_NUMBER_OBJECT_CONVERSION = YES_AGGRESSIVE;
				CLANG_CXX_LANGUAGE_STANDARD = "gnu++14";
				CLANG_CXX_LIBRARY = "libc++";
				CLANG_ENABLE_MODULES = YES;
				CLANG_ENABLE_OBJC_ARC = YES;
				CLANG_ENABLE_OBJC_WEAK = YES;
				CLANG_WARN_BLOCK_CAPTURE_AUTORELEASING = YES;
				CLANG_WARN_BOOL_CONVERSION = YES;
				CLANG_WARN_COMMA = YES;
				CLANG_WARN_CONSTANT_CONVERSION = YES;
				CLANG_WARN_DEPRECATED_OBJC_IMPLEMENTATIONS = YES;
				CLANG_WARN_DIRECT_OBJC_ISA_USAGE = YES_ERROR;
				CLANG_WARN_DOCUMENTATION_COMMENTS = YES;
				CLANG_WARN_EMPTY_BODY = YES;
				CLANG_WARN_ENUM_CONVERSION = YES;
				CLANG_WARN_INFINITE_RECURSION = YES;
				CLANG_WARN_INT_CONVERSION = YES;
				CLANG_WARN_NON_LITERAL_NULL_CONVERSION = YES;
				CLANG_WARN_OBJC_IMPLICIT_RETAIN_SELF = YES;
				CLANG_WARN_OBJC_LITERAL_CONVERSION = YES;
				CLANG_WARN_OBJC_ROOT_CLASS = YES_ERROR;
				CLANG_WARN_RANGE_LOOP_ANALYSIS = YES;
				CLANG_WARN_STRICT_PROTOTYPES = YES;
				CLANG_WARN_SUSPICIOUS_MOVE = YES;
				CLANG_WARN_UNGUARDED_AVAILABILITY = YES_AGGRESSIVE;
				CLANG_WARN_UNREACHABLE_CODE = YES;
				CLANG_WARN__DUPLICATE_METHOD_MATCH = YES;
				CODE_SIGN_IDENTITY = "iPhone Developer";
				COPY_PHASE_STRIP = NO;
				DEBUG_INFORMATION_FORMAT = dwarf;
				ENABLE_STRICT_OBJC_MSGSEND = YES;
				ENABLE_TESTABILITY = YES;
				GCC_C_LANGUAGE_STANDARD = gnu11;
				GCC_DYNAMIC_NO_PIC = NO;
				GCC_NO_COMMON_BLOCKS = YES;
				GCC_OPTIMIZATION_LEVEL = 0;
				GCC_PREPROCESSOR_DEFINITIONS = (
					"DEBUG=1",
					"$(inherited)",
				);
				GCC_WARN_64_TO_32_BIT_CONVERSION = YES;
				GCC_WARN_ABOUT_RETURN_TYPE = YES_ERROR;
				GCC_WARN_UNDECLARED_SELECTOR = YES;
				GCC_WARN_UNINITIALIZED_AUTOS = YES_AGGRESSIVE;
				GCC_WARN_UNUSED_FUNCTION = YES;
				GCC_WARN_UNUSED_VARIABLE = YES;
				IPHONEOS_DEPLOYMENT_TARGET = 12.1;
				MTL_ENABLE_DEBUG_INFO = INCLUDE_SOURCE;
				MTL_FAST_MATH = YES;
				ONLY_ACTIVE_ARCH = YES;
				SDKROOT = iphoneos;
				SWIFT_ACTIVE_COMPILATION_CONDITIONS = DEBUG;
				SWIFT_OPTIMIZATION_LEVEL = "-Onone";
			};
			name = Debug;
		};
		02FB304922335E8C00D6B882 /* Release */ = {
			isa = XCBuildConfiguration;
			buildSettings = {
				ALWAYS_SEARCH_USER_PATHS = NO;
				CLANG_ANALYZER_NONNULL = YES;
				CLANG_ANALYZER_NUMBER_OBJECT_CONVERSION = YES_AGGRESSIVE;
				CLANG_CXX_LANGUAGE_STANDARD = "gnu++14";
				CLANG_CXX_LIBRARY = "libc++";
				CLANG_ENABLE_MODULES = YES;
				CLANG_ENABLE_OBJC_ARC = YES;
				CLANG_ENABLE_OBJC_WEAK = YES;
				CLANG_WARN_BLOCK_CAPTURE_AUTORELEASING = YES;
				CLANG_WARN_BOOL_CONVERSION = YES;
				CLANG_WARN_COMMA = YES;
				CLANG_WARN_CONSTANT_CONVERSION = YES;
				CLANG_WARN_DEPRECATED_OBJC_IMPLEMENTATIONS = YES;
				CLANG_WARN_DIRECT_OBJC_ISA_USAGE = YES_ERROR;
				CLANG_WARN_DOCUMENTATION_COMMENTS = YES;
				CLANG_WARN_EMPTY_BODY = YES;
				CLANG_WARN_ENUM_CONVERSION = YES;
				CLANG_WARN_INFINITE_RECURSION = YES;
				CLANG_WARN_INT_CONVERSION = YES;
				CLANG_WARN_NON_LITERAL_NULL_CONVERSION = YES;
				CLANG_WARN_OBJC_IMPLICIT_RETAIN_SELF = YES;
				CLANG_WARN_OBJC_LITERAL_CONVERSION = YES;
				CLANG_WARN_OBJC_ROOT_CLASS = YES_ERROR;
				CLANG_WARN_RANGE_LOOP_ANALYSIS = YES;
				CLANG_WARN_STRICT_PROTOTYPES = YES;
				CLANG_WARN_SUSPICIOUS_MOVE = YES;
				CLANG_WARN_UNGUARDED_AVAILABILITY = YES_AGGRESSIVE;
				CLANG_WARN_UNREACHABLE_CODE = YES;
				CLANG_WARN__DUPLICATE_METHOD_MATCH = YES;
				CODE_SIGN_IDENTITY = "iPhone Developer";
				COPY_PHASE_STRIP = NO;
				DEBUG_INFORMATION_FORMAT = "dwarf-with-dsym";
				ENABLE_NS_ASSERTIONS = NO;
				ENABLE_STRICT_OBJC_MSGSEND = YES;
				GCC_C_LANGUAGE_STANDARD = gnu11;
				GCC_NO_COMMON_BLOCKS = YES;
				GCC_WARN_64_TO_32_BIT_CONVERSION = YES;
				GCC_WARN_ABOUT_RETURN_TYPE = YES_ERROR;
				GCC_WARN_UNDECLARED_SELECTOR = YES;
				GCC_WARN_UNINITIALIZED_AUTOS = YES_AGGRESSIVE;
				GCC_WARN_UNUSED_FUNCTION = YES;
				GCC_WARN_UNUSED_VARIABLE = YES;
				IPHONEOS_DEPLOYMENT_TARGET = 12.1;
				MTL_ENABLE_DEBUG_INFO = NO;
				MTL_FAST_MATH = YES;
				SDKROOT = iphoneos;
				SWIFT_COMPILATION_MODE = wholemodule;
				SWIFT_OPTIMIZATION_LEVEL = "-O";
				VALIDATE_PRODUCT = YES;
			};
			name = Release;
		};
		02FB304B22335E8C00D6B882 /* Debug */ = {
			isa = XCBuildConfiguration;
			buildSettings = {
				ASSETCATALOG_COMPILER_APPICON_NAME = AppIcon;
				CODE_SIGN_STYLE = Automatic;
				INFOPLIST_FILE = IfeGoogleBookSample/Info.plist;
				LD_RUNPATH_SEARCH_PATHS = (
					"$(inherited)",
					"@executable_path/Frameworks",
				);
				PRODUCT_BUNDLE_IDENTIFIER = ios.IfeGoogleBookSample;
				PRODUCT_NAME = "$(TARGET_NAME)";
				SWIFT_VERSION = 4.2;
				TARGETED_DEVICE_FAMILY = "1,2";
			};
			name = Debug;
		};
		02FB304C22335E8C00D6B882 /* Release */ = {
			isa = XCBuildConfiguration;
			buildSettings = {
				ASSETCATALOG_COMPILER_APPICON_NAME = AppIcon;
				CODE_SIGN_STYLE = Automatic;
				INFOPLIST_FILE = IfeGoogleBookSample/Info.plist;
				LD_RUNPATH_SEARCH_PATHS = (
					"$(inherited)",
					"@executable_path/Frameworks",
				);
				PRODUCT_BUNDLE_IDENTIFIER = ios.IfeGoogleBookSample;
				PRODUCT_NAME = "$(TARGET_NAME)";
				SWIFT_VERSION = 4.2;
				TARGETED_DEVICE_FAMILY = "1,2";
			};
			name = Release;
		};
/* End XCBuildConfiguration section */

/* Begin XCConfigurationList section */
		02FB303022335E7E00D6B882 /* Build configuration list for PBXProject "IfeGoogleBookSample" */ = {
			isa = XCConfigurationList;
			buildConfigurations = (
				02FB304822335E8C00D6B882 /* Debug */,
				02FB304922335E8C00D6B882 /* Release */,
			);
			defaultConfigurationIsVisible = 0;
			defaultConfigurationName = Release;
		};
		02FB304A22335E8C00D6B882 /* Build configuration list for PBXNativeTarget "IfeGoogleBookSample" */ = {
			isa = XCConfigurationList;
			buildConfigurations = (
				02FB304B22335E8C00D6B882 /* Debug */,
				02FB304C22335E8C00D6B882 /* Release */,
			);
			defaultConfigurationIsVisible = 0;
			defaultConfigurationName = Release;
		};
/* End XCConfigurationList section */

/* Begin XCVersionGroup section */
		02FB303F22335E7F00D6B882 /* IfeGoogleBookSample.xcdatamodeld */ = {
			isa = XCVersionGroup;
			children = (
				02FB304022335E7F00D6B882 /* IfeGoogleBookSample.xcdatamodel */,
			);
			currentVersion = 02FB304022335E7F00D6B882 /* IfeGoogleBookSample.xcdatamodel */;
			path = IfeGoogleBookSample.xcdatamodeld;
			sourceTree = "<group>";
			versionGroupType = wrapper.xcdatamodel;
		};
/* End XCVersionGroup section */
	};
	rootObject = 02FB302D22335E7E00D6B882 /* Project object */;
}
